// !$*UTF8*$!
{
	archiveVersion = 1;
	classes = {
	};
	objectVersion = 50;
	objects = {

/* Begin PBXBuildFile section */
		386FB55721CDB4D300203171 /* firstViewController.swift in Sources */ = {isa = PBXBuildFile; fileRef = 386FB55621CDB4D300203171 /* firstViewController.swift */; };
		386FB55921CDC3B900203171 /* slipTipViewController.swift in Sources */ = {isa = PBXBuildFile; fileRef = 386FB55821CDC3B900203171 /* slipTipViewController.swift */; };
		38C4F48121CC819000D76834 /* AppDelegate.swift in Sources */ = {isa = PBXBuildFile; fileRef = 38C4F48021CC819000D76834 /* AppDelegate.swift */; };
		38C4F48321CC819000D76834 /* ViewController.swift in Sources */ = {isa = PBXBuildFile; fileRef = 38C4F48221CC819000D76834 /* ViewController.swift */; };
		38C4F48621CC819000D76834 /* Main.storyboard in Resources */ = {isa = PBXBuildFile; fileRef = 38C4F48421CC819000D76834 /* Main.storyboard */; };
		38C4F48821CC819200D76834 /* Assets.xcassets in Resources */ = {isa = PBXBuildFile; fileRef = 38C4F48721CC819200D76834 /* Assets.xcassets */; };
		38C4F48B21CC819200D76834 /* LaunchScreen.storyboard in Resources */ = {isa = PBXBuildFile; fileRef = 38C4F48921CC819200D76834 /* LaunchScreen.storyboard */; };
		38C4F49621CC819300D76834 /* tipCalculatorTests.swift in Sources */ = {isa = PBXBuildFile; fileRef = 38C4F49521CC819300D76834 /* tipCalculatorTests.swift */; };
		38C4F4A121CC819300D76834 /* tipCalculatorUITests.swift in Sources */ = {isa = PBXBuildFile; fileRef = 38C4F4A021CC819300D76834 /* tipCalculatorUITests.swift */; };
/* End PBXBuildFile section */

/* Begin PBXContainerItemProxy section */
		38C4F49221CC819300D76834 /* PBXContainerItemProxy */ = {
			isa = PBXContainerItemProxy;
			containerPortal = 38C4F47521CC819000D76834 /* Project object */;
			proxyType = 1;
			remoteGlobalIDString = 38C4F47C21CC819000D76834;
			remoteInfo = tipCalculator;
		};
		38C4F49D21CC819300D76834 /* PBXContainerItemProxy */ = {
			isa = PBXContainerItemProxy;
			containerPortal = 38C4F47521CC819000D76834 /* Project object */;
			proxyType = 1;
			remoteGlobalIDString = 38C4F47C21CC819000D76834;
			remoteInfo = tipCalculator;
		};
/* End PBXContainerItemProxy section */

/* Begin PBXFileReference section */
		386FB55621CDB4D300203171 /* firstViewController.swift */ = {isa = PBXFileReference; lastKnownFileType = sourcecode.swift; path = firstViewController.swift; sourceTree = "<group>"; };
		386FB55821CDC3B900203171 /* slipTipViewController.swift */ = {isa = PBXFileReference; lastKnownFileType = sourcecode.swift; path = slipTipViewController.swift; sourceTree = "<group>"; };
		38C4F47D21CC819000D76834 /* tipCalculator.app */ = {isa = PBXFileReference; explicitFileType = wrapper.application; includeInIndex = 0; path = tipCalculator.app; sourceTree = BUILT_PRODUCTS_DIR; };
		38C4F48021CC819000D76834 /* AppDelegate.swift */ = {isa = PBXFileReference; lastKnownFileType = sourcecode.swift; path = AppDelegate.swift; sourceTree = "<group>"; };
		38C4F48221CC819000D76834 /* ViewController.swift */ = {isa = PBXFileReference; lastKnownFileType = sourcecode.swift; path = ViewController.swift; sourceTree = "<group>"; };
		38C4F48521CC819000D76834 /* Base */ = {isa = PBXFileReference; lastKnownFileType = file.storyboard; name = Base; path = Base.lproj/Main.storyboard; sourceTree = "<group>"; };
		38C4F48721CC819200D76834 /* Assets.xcassets */ = {isa = PBXFileReference; lastKnownFileType = folder.assetcatalog; path = Assets.xcassets; sourceTree = "<group>"; };
		38C4F48A21CC819200D76834 /* Base */ = {isa = PBXFileReference; lastKnownFileType = file.storyboard; name = Base; path = Base.lproj/LaunchScreen.storyboard; sourceTree = "<group>"; };
		38C4F48C21CC819200D76834 /* Info.plist */ = {isa = PBXFileReference; lastKnownFileType = text.plist.xml; path = Info.plist; sourceTree = "<group>"; };
		38C4F49121CC819300D76834 /* tipCalculatorTests.xctest */ = {isa = PBXFileReference; explicitFileType = wrapper.cfbundle; includeInIndex = 0; path = tipCalculatorTests.xctest; sourceTree = BUILT_PRODUCTS_DIR; };
		38C4F49521CC819300D76834 /* tipCalculatorTests.swift */ = {isa = PBXFileReference; lastKnownFileType = sourcecode.swift; path = tipCalculatorTests.swift; sourceTree = "<group>"; };
		38C4F49721CC819300D76834 /* Info.plist */ = {isa = PBXFileReference; lastKnownFileType = text.plist.xml; path = Info.plist; sourceTree = "<group>"; };
		38C4F49C21CC819300D76834 /* tipCalculatorUITests.xctest */ = {isa = PBXFileReference; explicitFileType = wrapper.cfbundle; includeInIndex = 0; path = tipCalculatorUITests.xctest; sourceTree = BUILT_PRODUCTS_DIR; };
		38C4F4A021CC819300D76834 /* tipCalculatorUITests.swift */ = {isa = PBXFileReference; lastKnownFileType = sourcecode.swift; path = tipCalculatorUITests.swift; sourceTree = "<group>"; };
		38C4F4A221CC819300D76834 /* Info.plist */ = {isa = PBXFileReference; lastKnownFileType = text.plist.xml; path = Info.plist; sourceTree = "<group>"; };
/* End PBXFileReference section */

/* Begin PBXFrameworksBuildPhase section */
		38C4F47A21CC819000D76834 /* Frameworks */ = {
			isa = PBXFrameworksBuildPhase;
			buildActionMask = 2147483647;
			files = (
			);
			runOnlyForDeploymentPostprocessing = 0;
		};
		38C4F48E21CC819300D76834 /* Frameworks */ = {
			isa = PBXFrameworksBuildPhase;
			buildActionMask = 2147483647;
			files = (
			);
			runOnlyForDeploymentPostprocessing = 0;
		};
		38C4F49921CC819300D76834 /* Frameworks */ = {
			isa = PBXFrameworksBuildPhase;
			buildActionMask = 2147483647;
			files = (
			);
			runOnlyForDeploymentPostprocessing = 0;
		};
/* End PBXFrameworksBuildPhase section */

/* Begin PBXGroup section */
		38C4F47421CC819000D76834 = {
			isa = PBXGroup;
			children = (
				38C4F47F21CC819000D76834 /* tipCalculator */,
				38C4F49421CC819300D76834 /* tipCalculatorTests */,
				38C4F49F21CC819300D76834 /* tipCalculatorUITests */,
				38C4F47E21CC819000D76834 /* Products */,
			);
			sourceTree = "<group>";
		};
		38C4F47E21CC819000D76834 /* Products */ = {
			isa = PBXGroup;
			children = (
				38C4F47D21CC819000D76834 /* tipCalculator.app */,
				38C4F49121CC819300D76834 /* tipCalculatorTests.xctest */,
				38C4F49C21CC819300D76834 /* tipCalculatorUITests.xctest */,
			);
			name = Products;
			sourceTree = "<group>";
		};
		38C4F47F21CC819000D76834 /* tipCalculator */ = {
			isa = PBXGroup;
			children = (
				38C4F48021CC819000D76834 /* AppDelegate.swift */,
				38C4F48221CC819000D76834 /* ViewController.swift */,
				38C4F48421CC819000D76834 /* Main.storyboard */,
				38C4F48721CC819200D76834 /* Assets.xcassets */,
				38C4F48921CC819200D76834 /* LaunchScreen.storyboard */,
				38C4F48C21CC819200D76834 /* Info.plist */,
				386FB55621CDB4D300203171 /* firstViewController.swift */,
				386FB55821CDC3B900203171 /* slipTipViewController.swift */,
			);
			path = tipCalculator;
			sourceTree = "<group>";
		};
		38C4F49421CC819300D76834 /* tipCalculatorTests */ = {
			isa = PBXGroup;
			children = (
				38C4F49521CC819300D76834 /* tipCalculatorTests.swift */,
				38C4F49721CC819300D76834 /* Info.plist */,
			);
			path = tipCalculatorTests;
			sourceTree = "<group>";
		};
		38C4F49F21CC819300D76834 /* tipCalculatorUITests */ = {
			isa = PBXGroup;
			children = (
				38C4F4A021CC819300D76834 /* tipCalculatorUITests.swift */,
				38C4F4A221CC819300D76834 /* Info.plist */,
			);
			path = tipCalculatorUITests;
			sourceTree = "<group>";
		};
/* End PBXGroup section */

/* Begin PBXNativeTarget section */
		38C4F47C21CC819000D76834 /* tipCalculator */ = {
			isa = PBXNativeTarget;
			buildConfigurationList = 38C4F4A521CC819300D76834 /* Build configuration list for PBXNativeTarget "tipCalculator" */;
			buildPhases = (
				38C4F47921CC819000D76834 /* Sources */,
				38C4F47A21CC819000D76834 /* Frameworks */,
				38C4F47B21CC819000D76834 /* Resources */,
			);
			buildRules = (
			);
			dependencies = (
			);
			name = tipCalculator;
			productName = tipCalculator;
			productReference = 38C4F47D21CC819000D76834 /* tipCalculator.app */;
			productType = "com.apple.product-type.application";
		};
		38C4F49021CC819300D76834 /* tipCalculatorTests */ = {
			isa = PBXNativeTarget;
			buildConfigurationList = 38C4F4A821CC819300D76834 /* Build configuration list for PBXNativeTarget "tipCalculatorTests" */;
			buildPhases = (
				38C4F48D21CC819300D76834 /* Sources */,
				38C4F48E21CC819300D76834 /* Frameworks */,
				38C4F48F21CC819300D76834 /* Resources */,
			);
			buildRules = (
			);
			dependencies = (
				38C4F49321CC819300D76834 /* PBXTargetDependency */,
			);
			name = tipCalculatorTests;
			productName = tipCalculatorTests;
			productReference = 38C4F49121CC819300D76834 /* tipCalculatorTests.xctest */;
			productType = "com.apple.product-type.bundle.unit-test";
		};
		38C4F49B21CC819300D76834 /* tipCalculatorUITests */ = {
			isa = PBXNativeTarget;
			buildConfigurationList = 38C4F4AB21CC819300D76834 /* Build configuration list for PBXNativeTarget "tipCalculatorUITests" */;
			buildPhases = (
				38C4F49821CC819300D76834 /* Sources */,
				38C4F49921CC819300D76834 /* Frameworks */,
				38C4F49A21CC819300D76834 /* Resources */,
			);
			buildRules = (
			);
			dependencies = (
				38C4F49E21CC819300D76834 /* PBXTargetDependency */,
			);
			name = tipCalculatorUITests;
			productName = tipCalculatorUITests;
			productReference = 38C4F49C21CC819300D76834 /* tipCalculatorUITests.xctest */;
			productType = "com.apple.product-type.bundle.ui-testing";
		};
/* End PBXNativeTarget section */

/* Begin PBXProject section */
		38C4F47521CC819000D76834 /* Project object */ = {
			isa = PBXProject;
			attributes = {
				LastSwiftUpdateCheck = 1010;
				LastUpgradeCheck = 1010;
				ORGANIZATIONNAME = Joy_Wang;
				TargetAttributes = {
					38C4F47C21CC819000D76834 = {
						CreatedOnToolsVersion = 10.1;
					};
					38C4F49021CC819300D76834 = {
						CreatedOnToolsVersion = 10.1;
						TestTargetID = 38C4F47C21CC819000D76834;
					};
					38C4F49B21CC819300D76834 = {
						CreatedOnToolsVersion = 10.1;
						TestTargetID = 38C4F47C21CC819000D76834;
					};
				};
			};
			buildConfigurationList = 38C4F47821CC819000D76834 /* Build configuration list for PBXProject "tipCalculator" */;
			compatibilityVersion = "Xcode 9.3";
			developmentRegion = en;
			hasScannedForEncodings = 0;
			knownRegions = (
				en,
				Base,
			);
			mainGroup = 38C4F47421CC819000D76834;
			productRefGroup = 38C4F47E21CC819000D76834 /* Products */;
			projectDirPath = "";
			projectRoot = "";
			targets = (
				38C4F47C21CC819000D76834 /* tipCalculator */,
				38C4F49021CC819300D76834 /* tipCalculatorTests */,
				38C4F49B21CC819300D76834 /* tipCalculatorUITests */,
			);
		};
/* End PBXProject section */

/* Begin PBXResourcesBuildPhase section */
		38C4F47B21CC819000D76834 /* Resources */ = {
			isa = PBXResourcesBuildPhase;
			buildActionMask = 2147483647;
			files = (
				38C4F48B21CC819200D76834 /* LaunchScreen.storyboard in Resources */,
				38C4F48821CC819200D76834 /* Assets.xcassets in Resources */,
				38C4F48621CC819000D76834 /* Main.storyboard in Resources */,
			);
			runOnlyForDeploymentPostprocessing = 0;
		};
		38C4F48F21CC819300D76834 /* Resources */ = {
			isa = PBXResourcesBuildPhase;
			buildActionMask = 2147483647;
			files = (
			);
			runOnlyForDeploymentPostprocessing = 0;
		};
		38C4F49A21CC819300D76834 /* Resources */ = {
			isa = PBXResourcesBuildPhase;
			buildActionMask = 2147483647;
			files = (
			);
			runOnlyForDeploymentPostprocessing = 0;
		};
/* End PBXResourcesBuildPhase section */

/* Begin PBXSourcesBuildPhase section */
		38C4F47921CC819000D76834 /* Sources */ = {
			isa = PBXSourcesBuildPhase;
			buildActionMask = 2147483647;
			files = (
				38C4F48321CC819000D76834 /* ViewController.swift in Sources */,
				38C4F48121CC819000D76834 /* AppDelegate.swift in Sources */,
				386FB55921CDC3B900203171 /* slipTipViewController.swift in Sources */,
				386FB55721CDB4D300203171 /* firstViewController.swift in Sources */,
			);
			runOnlyForDeploymentPostprocessing = 0;
		};
		38C4F48D21CC819300D76834 /* Sources */ = {
			isa = PBXSourcesBuildPhase;
			buildActionMask = 2147483647;
			files = (
				38C4F49621CC819300D76834 /* tipCalculatorTests.swift in Sources */,
			);
			runOnlyForDeploymentPostprocessing = 0;
		};
		38C4F49821CC819300D76834 /* Sources */ = {
			isa = PBXSourcesBuildPhase;
			buildActionMask = 2147483647;
			files = (
				38C4F4A121CC819300D76834 /* tipCalculatorUITests.swift in Sources */,
			);
			runOnlyForDeploymentPostprocessing = 0;
		};
/* End PBXSourcesBuildPhase section */

/* Begin PBXTargetDependency section */
		38C4F49321CC819300D76834 /* PBXTargetDependency */ = {
			isa = PBXTargetDependency;
			target = 38C4F47C21CC819000D76834 /* tipCalculator */;
			targetProxy = 38C4F49221CC819300D76834 /* PBXContainerItemProxy */;
		};
		38C4F49E21CC819300D76834 /* PBXTargetDependency */ = {
			isa = PBXTargetDependency;
			target = 38C4F47C21CC819000D76834 /* tipCalculator */;
			targetProxy = 38C4F49D21CC819300D76834 /* PBXContainerItemProxy */;
		};
/* End PBXTargetDependency section */

/* Begin PBXVariantGroup section */
		38C4F48421CC819000D76834 /* Main.storyboard */ = {
			isa = PBXVariantGroup;
			children = (
				38C4F48521CC819000D76834 /* Base */,
			);
			name = Main.storyboard;
			sourceTree = "<group>";
		};
		38C4F48921CC819200D76834 /* LaunchScreen.storyboard */ = {
			isa = PBXVariantGroup;
			children = (
				38C4F48A21CC819200D76834 /* Base */,
			);
			name = LaunchScreen.storyboard;
			sourceTree = "<group>";
		};
/* End PBXVariantGroup section */

/* Begin XCBuildConfiguration section */
		38C4F4A321CC819300D76834 /* Debug */ = {
			isa = XCBuildConfiguration;
			buildSettings = {
				ALWAYS_SEARCH_USER_PATHS = NO;
				CLANG_ANALYZER_NONNULL = YES;
				CLANG_ANALYZER_NUMBER_OBJECT_CONVERSION = YES_AGGRESSIVE;
				CLANG_CXX_LANGUAGE_STANDARD = "gnu++14";
				CLANG_CXX_LIBRARY = "libc++";
				CLANG_ENABLE_MODULES = YES;
				CLANG_ENABLE_OBJC_ARC = YES;
				CLANG_ENABLE_OBJC_WEAK = YES;
				CLANG_WARN_BLOCK_CAPTURE_AUTORELEASING = YES;
				CLANG_WARN_BOOL_CONVERSION = YES;
				CLANG_WARN_COMMA = YES;
				CLANG_WARN_CONSTANT_CONVERSION = YES;
				CLANG_WARN_DEPRECATED_OBJC_IMPLEMENTATIONS = YES;
				CLANG_WARN_DIRECT_OBJC_ISA_USAGE = YES_ERROR;
				CLANG_WARN_DOCUMENTATION_COMMENTS = YES;
				CLANG_WARN_EMPTY_BODY = YES;
				CLANG_WARN_ENUM_CONVERSION = YES;
				CLANG_WARN_INFINITE_RECURSION = YES;
				CLANG_WARN_INT_CONVERSION = YES;
				CLANG_WARN_NON_LITERAL_NULL_CONVERSION = YES;
				CLANG_WARN_OBJC_IMPLICIT_RETAIN_SELF = YES;
				CLANG_WARN_OBJC_LITERAL_CONVERSION = YES;
				CLANG_WARN_OBJC_ROOT_CLASS = YES_ERROR;
				CLANG_WARN_RANGE_LOOP_ANALYSIS = YES;
				CLANG_WARN_STRICT_PROTOTYPES = YES;
				CLANG_WARN_SUSPICIOUS_MOVE = YES;
				CLANG_WARN_UNGUARDED_AVAILABILITY = YES_AGGRESSIVE;
				CLANG_WARN_UNREACHABLE_CODE = YES;
				CLANG_WARN__DUPLICATE_METHOD_MATCH = YES;
				CODE_SIGN_IDENTITY = "iPhone Developer";
				COPY_PHASE_STRIP = NO;
				DEBUG_INFORMATION_FORMAT = dwarf;
				ENABLE_STRICT_OBJC_MSGSEND = YES;
				ENABLE_TESTABILITY = YES;
				GCC_C_LANGUAGE_STANDARD = gnu11;
				GCC_DYNAMIC_NO_PIC = NO;
				GCC_NO_COMMON_BLOCKS = YES;
				GCC_OPTIMIZATION_LEVEL = 0;
				GCC_PREPROCESSOR_DEFINITIONS = (
					"DEBUG=1",
					"$(inherited)",
				);
				GCC_WARN_64_TO_32_BIT_CONVERSION = YES;
				GCC_WARN_ABOUT_RETURN_TYPE = YES_ERROR;
				GCC_WARN_UNDECLARED_SELECTOR = YES;
				GCC_WARN_UNINITIALIZED_AUTOS = YES_AGGRESSIVE;
				GCC_WARN_UNUSED_FUNCTION = YES;
				GCC_WARN_UNUSED_VARIABLE = YES;
				IPHONEOS_DEPLOYMENT_TARGET = 12.1;
				MTL_ENABLE_DEBUG_INFO = INCLUDE_SOURCE;
				MTL_FAST_MATH = YES;
				ONLY_ACTIVE_ARCH = YES;
				SDKROOT = iphoneos;
				SWIFT_ACTIVE_COMPILATION_CONDITIONS = DEBUG;
				SWIFT_OPTIMIZATION_LEVEL = "-Onone";
			};
			name = Debug;
		};
		38C4F4A421CC819300D76834 /* Release */ = {
			isa = XCBuildConfiguration;
			buildSettings = {
				ALWAYS_SEARCH_USER_PATHS = NO;
				CLANG_ANALYZER_NONNULL = YES;
				CLANG_ANALYZER_NUMBER_OBJECT_CONVERSION = YES_AGGRESSIVE;
				CLANG_CXX_LANGUAGE_STANDARD = "gnu++14";
				CLANG_CXX_LIBRARY = "libc++";
				CLANG_ENABLE_MODULES = YES;
				CLANG_ENABLE_OBJC_ARC = YES;
				CLANG_ENABLE_OBJC_WEAK = YES;
				CLANG_WARN_BLOCK_CAPTURE_AUTORELEASING = YES;
				CLANG_WARN_BOOL_CONVERSION = YES;
				CLANG_WARN_COMMA = YES;
				CLANG_WARN_CONSTANT_CONVERSION = YES;
				CLANG_WARN_DEPRECATED_OBJC_IMPLEMENTATIONS = YES;
				CLANG_WARN_DIRECT_OBJC_ISA_USAGE = YES_ERROR;
				CLANG_WARN_DOCUMENTATION_COMMENTS = YES;
				CLANG_WARN_EMPTY_BODY = YES;
				CLANG_WARN_ENUM_CONVERSION = YES;
				CLANG_WARN_INFINITE_RECURSION = YES;
				CLANG_WARN_INT_CONVERSION = YES;
				CLANG_WARN_NON_LITERAL_NULL_CONVERSION = YES;
				CLANG_WARN_OBJC_IMPLICIT_RETAIN_SELF = YES;
				CLANG_WARN_OBJC_LITERAL_CONVERSION = YES;
				CLANG_WARN_OBJC_ROOT_CLASS = YES_ERROR;
				CLANG_WARN_RANGE_LOOP_ANALYSIS = YES;
				CLANG_WARN_STRICT_PROTOTYPES = YES;
				CLANG_WARN_SUSPICIOUS_MOVE = YES;
				CLANG_WARN_UNGUARDED_AVAILABILITY = YES_AGGRESSIVE;
				CLANG_WARN_UNREACHABLE_CODE = YES;
				CLANG_WARN__DUPLICATE_METHOD_MATCH = YES;
				CODE_SIGN_IDENTITY = "iPhone Developer";
				COPY_PHASE_STRIP = NO;
				DEBUG_INFORMATION_FORMAT = "dwarf-with-dsym";
				ENABLE_NS_ASSERTIONS = NO;
				ENABLE_STRICT_OBJC_MSGSEND = YES;
				GCC_C_LANGUAGE_STANDARD = gnu11;
				GCC_NO_COMMON_BLOCKS = YES;
				GCC_WARN_64_TO_32_BIT_CONVERSION = YES;
				GCC_WARN_ABOUT_RETURN_TYPE = YES_ERROR;
				GCC_WARN_UNDECLARED_SELECTOR = YES;
				GCC_WARN_UNINITIALIZED_AUTOS = YES_AGGRESSIVE;
				GCC_WARN_UNUSED_FUNCTION = YES;
				GCC_WARN_UNUSED_VARIABLE = YES;
				IPHONEOS_DEPLOYMENT_TARGET = 12.1;
				MTL_ENABLE_DEBUG_INFO = NO;
				MTL_FAST_MATH = YES;
				SDKROOT = iphoneos;
				SWIFT_COMPILATION_MODE = wholemodule;
				SWIFT_OPTIMIZATION_LEVEL = "-O";
				VALIDATE_PRODUCT = YES;
			};
			name = Release;
		};
		38C4F4A621CC819300D76834 /* Debug */ = {
			isa = XCBuildConfiguration;
			buildSettings = {
				ASSETCATALOG_COMPILER_APPICON_NAME = AppIcon;
				CODE_SIGN_STYLE = Automatic;
				INFOPLIST_FILE = tipCalculator/Info.plist;
				LD_RUNPATH_SEARCH_PATHS = (
					"$(inherited)",
					"@executable_path/Frameworks",
				);
				PRODUCT_BUNDLE_IDENTIFIER = com.codepath.tipCalculator;
				PRODUCT_NAME = "$(TARGET_NAME)";
				SWIFT_VERSION = 4.2;
				TARGETED_DEVICE_FAMILY = "1,2";
			};
			name = Debug;
		};
		38C4F4A721CC819300D76834 /* Release */ = {
			isa = XCBuildConfiguration;
			buildSettings = {
				ASSETCATALOG_COMPILER_APPICON_NAME = AppIcon;
				CODE_SIGN_STYLE = Automatic;
				INFOPLIST_FILE = tipCalculator/Info.plist;
				LD_RUNPATH_SEARCH_PATHS = (
					"$(inherited)",
					"@executable_path/Frameworks",
				);
				PRODUCT_BUNDLE_IDENTIFIER = com.codepath.tipCalculator;
				PRODUCT_NAME = "$(TARGET_NAME)";
				SWIFT_VERSION = 4.2;
				TARGETED_DEVICE_FAMILY = "1,2";
			};
			name = Release;
		};
		38C4F4A921CC819300D76834 /* Debug */ = {
			isa = XCBuildConfiguration;
			buildSettings = {
				ALWAYS_EMBED_SWIFT_STANDARD_LIBRARIES = YES;
				BUNDLE_LOADER = "$(TEST_HOST)";
				CODE_SIGN_STYLE = Automatic;
				INFOPLIST_FILE = tipCalculatorTests/Info.plist;
				LD_RUNPATH_SEARCH_PATHS = (
					"$(inherited)",
					"@executable_path/Frameworks",
					"@loader_path/Frameworks",
				);
				PRODUCT_BUNDLE_IDENTIFIER = com.codepath.tipCalculatorTests;
				PRODUCT_NAME = "$(TARGET_NAME)";
				SWIFT_VERSION = 4.2;
				TARGETED_DEVICE_FAMILY = "1,2";
				TEST_HOST = "$(BUILT_PRODUCTS_DIR)/tipCalculator.app/tipCalculator";
			};
			name = Debug;
		};
		38C4F4AA21CC819300D76834 /* Release */ = {
			isa = XCBuildConfiguration;
			buildSettings = {
				ALWAYS_EMBED_SWIFT_STANDARD_LIBRARIES = YES;
				BUNDLE_LOADER = "$(TEST_HOST)";
				CODE_SIGN_STYLE = Automatic;
				INFOPLIST_FILE = tipCalculatorTests/Info.plist;
				LD_RUNPATH_SEARCH_PATHS = (
					"$(inherited)",
					"@executable_path/Frameworks",
					"@loader_path/Frameworks",
				);
				PRODUCT_BUNDLE_IDENTIFIER = com.codepath.tipCalculatorTests;
				PRODUCT_NAME = "$(TARGET_NAME)";
				SWIFT_VERSION = 4.2;
				TARGETED_DEVICE_FAMILY = "1,2";
				TEST_HOST = "$(BUILT_PRODUCTS_DIR)/tipCalculator.app/tipCalculator";
			};
			name = Release;
		};
		38C4F4AC21CC819300D76834 /* Debug */ = {
			isa = XCBuildConfiguration;
			buildSettings = {
				ALWAYS_EMBED_SWIFT_STANDARD_LIBRARIES = YES;
				CODE_SIGN_STYLE = Automatic;
				INFOPLIST_FILE = tipCalculatorUITests/Info.plist;
				LD_RUNPATH_SEARCH_PATHS = (
					"$(inherited)",
					"@executable_path/Frameworks",
					"@loader_path/Frameworks",
				);
				PRODUCT_BUNDLE_IDENTIFIER = com.codepath.tipCalculatorUITests;
				PRODUCT_NAME = "$(TARGET_NAME)";
				SWIFT_VERSION = 4.2;
				TARGETED_DEVICE_FAMILY = "1,2";
				TEST_TARGET_NAME = tipCalculator;
			};
			name = Debug;
		};
		38C4F4AD21CC819300D76834 /* Release */ = {
			isa = XCBuildConfiguration;
			buildSettings = {
				ALWAYS_EMBED_SWIFT_STANDARD_LIBRARIES = YES;
				CODE_SIGN_STYLE = Automatic;
				INFOPLIST_FILE = tipCalculatorUITests/Info.plist;
				LD_RUNPATH_SEARCH_PATHS = (
					"$(inherited)",
					"@executable_path/Frameworks",
					"@loader_path/Frameworks",
				);
				PRODUCT_BUNDLE_IDENTIFIER = com.codepath.tipCalculatorUITests;
				PRODUCT_NAME = "$(TARGET_NAME)";
				SWIFT_VERSION = 4.2;
				TARGETED_DEVICE_FAMILY = "1,2";
				TEST_TARGET_NAME = tipCalculator;
			};
			name = Release;
		};
/* End XCBuildConfiguration section */

/* Begin XCConfigurationList section */
		38C4F47821CC819000D76834 /* Build configuration list for PBXProject "tipCalculator" */ = {
			isa = XCConfigurationList;
			buildConfigurations = (
				38C4F4A321CC819300D76834 /* Debug */,
				38C4F4A421CC819300D76834 /* Release */,
			);
			defaultConfigurationIsVisible = 0;
			defaultConfigurationName = Release;
		};
		38C4F4A521CC819300D76834 /* Build configuration list for PBXNativeTarget "tipCalculator" */ = {
			isa = XCConfigurationList;
			buildConfigurations = (
				38C4F4A621CC819300D76834 /* Debug */,
				38C4F4A721CC819300D76834 /* Release */,
			);
			defaultConfigurationIsVisible = 0;
			defaultConfigurationName = Release;
		};
		38C4F4A821CC819300D76834 /* Build configuration list for PBXNativeTarget "tipCalculatorTests" */ = {
			isa = XCConfigurationList;
			buildConfigurations = (
				38C4F4A921CC819300D76834 /* Debug */,
				38C4F4AA21CC819300D76834 /* Release */,
			);
			defaultConfigurationIsVisible = 0;
			defaultConfigurationName = Release;
		};
		38C4F4AB21CC819300D76834 /* Build configuration list for PBXNativeTarget "tipCalculatorUITests" */ = {
			isa = XCConfigurationList;
			buildConfigurations = (
				38C4F4AC21CC819300D76834 /* Debug */,
				38C4F4AD21CC819300D76834 /* Release */,
			);
			defaultConfigurationIsVisible = 0;
			defaultConfigurationName = Release;
		};
/* End XCConfigurationList section */
	};
	rootObject = 38C4F47521CC819000D76834 /* Project object */;
}
